
Microsoft Visual Studio Solution File, Format Version 12.00
# Visual Studio Version 17
VisualStudioVersion = 17.14.36603.0 d17.14
MinimumVisualStudioVersion = 10.0.40219.1
Project("{FAE04EC0-301F-11D3-BF4B-00C04F79EFBC}") = "Turniri", "Turniri.csproj", "{D5CD1938-6099-0B2E-0836-36DBFE1B149B}"
EndProject
Global
	GlobalSection(SolutionConfigurationPlatforms) = preSolution
		Debug|Any CPU = Debug|Any CPU
		Release|Any CPU = Release|Any CPU
	EndGlobalSection
	GlobalSection(ProjectConfigurationPlatforms) = postSolution
		{D5CD1938-6099-0B2E-0836-36DBFE1B149B}.Debug|Any CPU.ActiveCfg = Debug|Any CPU
		{D5CD1938-6099-0B2E-0836-36DBFE1B149B}.Debug|Any CPU.Build.0 = Debug|Any CPU
		{D5CD1938-6099-0B2E-0836-36DBFE1B149B}.Release|Any CPU.ActiveCfg = Release|Any CPU
		{D5CD1938-6099-0B2E-0836-36DBFE1B149B}.Release|Any CPU.Build.0 = Release|Any CPU
	EndGlobalSection
	GlobalSection(SolutionProperties) = preSolution
		HideSolutionNode = FALSE
	EndGlobalSection
	GlobalSection(ExtensibilityGlobals) = postSolution
		SolutionGuid = {4C771BA4-09D3-44DD-A7A7-1EA4F2DAD1DD}
	EndGlobalSection
EndGlobal
